// !$*UTF8*$!
{
	archiveVersion = 1;
	classes = {
	};
	objectVersion = 51;
	objects = {

/* Begin PBXBuildFile section */
		84405F43238172B300B360C6 /* LoginViewModel.swift in Sources */ = {isa = PBXBuildFile; fileRef = 84405F42238172B300B360C6 /* LoginViewModel.swift */; };
		84405F462381776D00B360C6 /* Extension.swift in Sources */ = {isa = PBXBuildFile; fileRef = 84405F452381776D00B360C6 /* Extension.swift */; };
		84405F482381786000B360C6 /* UIImageExtension.swift in Sources */ = {isa = PBXBuildFile; fileRef = 84405F472381786000B360C6 /* UIImageExtension.swift */; };
		84405F4A238178B200B360C6 /* FileManageHelper.swift in Sources */ = {isa = PBXBuildFile; fileRef = 84405F49238178B200B360C6 /* FileManageHelper.swift */; };
		84405F4C2381794F00B360C6 /* ApiList.swift in Sources */ = {isa = PBXBuildFile; fileRef = 84405F4B2381794F00B360C6 /* ApiList.swift */; };
		84B34AAE23803FCD000AEE1B /* Assets.xcassets in Resources */ = {isa = PBXBuildFile; fileRef = 84B34AAD23803FCD000AEE1B /* Assets.xcassets */; };
		84B34AD323804956000AEE1B /* AppDelegate.swift in Sources */ = {isa = PBXBuildFile; fileRef = 84B34AD123804956000AEE1B /* AppDelegate.swift */; };
		84B34AD623804977000AEE1B /* ViewController.swift in Sources */ = {isa = PBXBuildFile; fileRef = 84B34AD523804977000AEE1B /* ViewController.swift */; };
		84B34AD923804981000AEE1B /* LaunchScreen.storyboard in Resources */ = {isa = PBXBuildFile; fileRef = 84B34AD723804981000AEE1B /* LaunchScreen.storyboard */; };
		84B34ADA23804981000AEE1B /* Main.storyboard in Resources */ = {isa = PBXBuildFile; fileRef = 84B34AD823804981000AEE1B /* Main.storyboard */; };
		84B34ADD23804CAB000AEE1B /* ApiConfiguration.swift in Sources */ = {isa = PBXBuildFile; fileRef = 84B34ADC23804CAB000AEE1B /* ApiConfiguration.swift */; };
		84B34ADF23804CF4000AEE1B /* ApiManager.swift in Sources */ = {isa = PBXBuildFile; fileRef = 84B34ADE23804CF4000AEE1B /* ApiManager.swift */; };
		84B34AE223804D91000AEE1B /* Messages.swift in Sources */ = {isa = PBXBuildFile; fileRef = 84B34AE123804D91000AEE1B /* Messages.swift */; };
		84B34AE423804E6A000AEE1B /* Constant.swift in Sources */ = {isa = PBXBuildFile; fileRef = 84B34AE323804E6A000AEE1B /* Constant.swift */; };
		84B34AE623804F2C000AEE1B /* Enums.swift in Sources */ = {isa = PBXBuildFile; fileRef = 84B34AE523804F2C000AEE1B /* Enums.swift */; };
		84B34AE82380511C000AEE1B /* StorageService.swift in Sources */ = {isa = PBXBuildFile; fileRef = 84B34AE72380511C000AEE1B /* StorageService.swift */; };
		84B34AEA238051BD000AEE1B /* LoginModel.swift in Sources */ = {isa = PBXBuildFile; fileRef = 84B34AE9238051BD000AEE1B /* LoginModel.swift */; };
		84B34AEC238051F0000AEE1B /* ModelKeys.swift in Sources */ = {isa = PBXBuildFile; fileRef = 84B34AEB238051F0000AEE1B /* ModelKeys.swift */; };
		EF02F31E8194CDE70A76D340 /* Pods_WebserviceExample.framework in Frameworks */ = {isa = PBXBuildFile; fileRef = 5F2712E83A0D487C8913C305 /* Pods_WebserviceExample.framework */; };
/* End PBXBuildFile section */

/* Begin PBXFileReference section */
		18913B7BED59FD9C02AA4BB5 /* Pods-WebserviceExample.release.xcconfig */ = {isa = PBXFileReference; includeInIndex = 1; lastKnownFileType = text.xcconfig; name = "Pods-WebserviceExample.release.xcconfig"; path = "Target Support Files/Pods-WebserviceExample/Pods-WebserviceExample.release.xcconfig"; sourceTree = "<group>"; };
		5F2712E83A0D487C8913C305 /* Pods_WebserviceExample.framework */ = {isa = PBXFileReference; explicitFileType = wrapper.framework; includeInIndex = 0; path = Pods_WebserviceExample.framework; sourceTree = BUILT_PRODUCTS_DIR; };
		84405F42238172B300B360C6 /* LoginViewModel.swift */ = {isa = PBXFileReference; lastKnownFileType = sourcecode.swift; path = LoginViewModel.swift; sourceTree = "<group>"; };
		84405F452381776D00B360C6 /* Extension.swift */ = {isa = PBXFileReference; fileEncoding = 4; lastKnownFileType = sourcecode.swift; path = Extension.swift; sourceTree = "<group>"; };
		84405F472381786000B360C6 /* UIImageExtension.swift */ = {isa = PBXFileReference; fileEncoding = 4; lastKnownFileType = sourcecode.swift; path = UIImageExtension.swift; sourceTree = "<group>"; };
		84405F49238178B200B360C6 /* FileManageHelper.swift */ = {isa = PBXFileReference; fileEncoding = 4; lastKnownFileType = sourcecode.swift; path = FileManageHelper.swift; sourceTree = "<group>"; };
		84405F4B2381794F00B360C6 /* ApiList.swift */ = {isa = PBXFileReference; fileEncoding = 4; lastKnownFileType = sourcecode.swift; path = ApiList.swift; sourceTree = "<group>"; };
		84B34AA123803FCA000AEE1B /* WebserviceExample.app */ = {isa = PBXFileReference; explicitFileType = wrapper.application; includeInIndex = 0; path = WebserviceExample.app; sourceTree = BUILT_PRODUCTS_DIR; };
		84B34AAD23803FCD000AEE1B /* Assets.xcassets */ = {isa = PBXFileReference; lastKnownFileType = folder.assetcatalog; path = Assets.xcassets; sourceTree = "<group>"; };
		84B34AD123804956000AEE1B /* AppDelegate.swift */ = {isa = PBXFileReference; fileEncoding = 4; lastKnownFileType = sourcecode.swift; path = AppDelegate.swift; sourceTree = "<group>"; };
		84B34AD223804956000AEE1B /* Info.plist */ = {isa = PBXFileReference; fileEncoding = 4; lastKnownFileType = text.plist.xml; path = Info.plist; sourceTree = "<group>"; };
		84B34AD523804977000AEE1B /* ViewController.swift */ = {isa = PBXFileReference; fileEncoding = 4; lastKnownFileType = sourcecode.swift; path = ViewController.swift; sourceTree = "<group>"; };
		84B34AD723804981000AEE1B /* LaunchScreen.storyboard */ = {isa = PBXFileReference; fileEncoding = 4; lastKnownFileType = file.storyboard; path = LaunchScreen.storyboard; sourceTree = "<group>"; };
		84B34AD823804981000AEE1B /* Main.storyboard */ = {isa = PBXFileReference; fileEncoding = 4; lastKnownFileType = file.storyboard; path = Main.storyboard; sourceTree = "<group>"; };
		84B34ADC23804CAB000AEE1B /* ApiConfiguration.swift */ = {isa = PBXFileReference; fileEncoding = 4; lastKnownFileType = sourcecode.swift; path = ApiConfiguration.swift; sourceTree = "<group>"; };
		84B34ADE23804CF4000AEE1B /* ApiManager.swift */ = {isa = PBXFileReference; fileEncoding = 4; lastKnownFileType = sourcecode.swift; path = ApiManager.swift; sourceTree = "<group>"; };
		84B34AE123804D91000AEE1B /* Messages.swift */ = {isa = PBXFileReference; fileEncoding = 4; lastKnownFileType = sourcecode.swift; path = Messages.swift; sourceTree = "<group>"; };
		84B34AE323804E6A000AEE1B /* Constant.swift */ = {isa = PBXFileReference; fileEncoding = 4; lastKnownFileType = sourcecode.swift; path = Constant.swift; sourceTree = "<group>"; };
		84B34AE523804F2C000AEE1B /* Enums.swift */ = {isa = PBXFileReference; fileEncoding = 4; lastKnownFileType = sourcecode.swift; path = Enums.swift; sourceTree = "<group>"; };
		84B34AE72380511C000AEE1B /* StorageService.swift */ = {isa = PBXFileReference; fileEncoding = 4; lastKnownFileType = sourcecode.swift; path = StorageService.swift; sourceTree = "<group>"; };
		84B34AE9238051BD000AEE1B /* LoginModel.swift */ = {isa = PBXFileReference; fileEncoding = 4; lastKnownFileType = sourcecode.swift; path = LoginModel.swift; sourceTree = "<group>"; };
		84B34AEB238051F0000AEE1B /* ModelKeys.swift */ = {isa = PBXFileReference; fileEncoding = 4; lastKnownFileType = sourcecode.swift; path = ModelKeys.swift; sourceTree = "<group>"; };
		AF9C84DA99B8D202A78BC377 /* Pods-WebserviceExample.debug.xcconfig */ = {isa = PBXFileReference; includeInIndex = 1; lastKnownFileType = text.xcconfig; name = "Pods-WebserviceExample.debug.xcconfig"; path = "Target Support Files/Pods-WebserviceExample/Pods-WebserviceExample.debug.xcconfig"; sourceTree = "<group>"; };
/* End PBXFileReference section */

/* Begin PBXFrameworksBuildPhase section */
		84B34A9E23803FCA000AEE1B /* Frameworks */ = {
			isa = PBXFrameworksBuildPhase;
			buildActionMask = 2147483647;
			files = (
				EF02F31E8194CDE70A76D340 /* Pods_WebserviceExample.framework in Frameworks */,
			);
			runOnlyForDeploymentPostprocessing = 0;
		};
/* End PBXFrameworksBuildPhase section */

/* Begin PBXGroup section */
		84405F442381776000B360C6 /* Extension */ = {
			isa = PBXGroup;
			children = (
				84405F472381786000B360C6 /* UIImageExtension.swift */,
				84405F452381776D00B360C6 /* Extension.swift */,
			);
			path = Extension;
			sourceTree = "<group>";
		};
		84B34A9823803FCA000AEE1B = {
			isa = PBXGroup;
			children = (
				84B34AA323803FCA000AEE1B /* WebserviceExample */,
				84B34AA223803FCA000AEE1B /* Products */,
				8E8B4F382D3C3CA01D4FE226 /* Pods */,
				DEC272FEF0673B2F799908DB /* Frameworks */,
			);
			sourceTree = "<group>";
		};
		84B34AA223803FCA000AEE1B /* Products */ = {
			isa = PBXGroup;
			children = (
				84B34AA123803FCA000AEE1B /* WebserviceExample.app */,
			);
			name = Products;
			sourceTree = "<group>";
		};
		84B34AA323803FCA000AEE1B /* WebserviceExample */ = {
			isa = PBXGroup;
			children = (
				84405F442381776000B360C6 /* Extension */,
				84B34AE023804D87000AEE1B /* HelperClass */,
				84B34ADB23804C80000AEE1B /* Webservice */,
				84B34ACC23804890000AEE1B /* Appdelegate */,
				84B34ACD2380489D000AEE1B /* ViewController */,
				84B34AD0238048B4000AEE1B /* View */,
				84B34ACF238048AB000AEE1B /* ViewModel */,
				84B34ACE238048A6000AEE1B /* Model */,
				84B34AAD23803FCD000AEE1B /* Assets.xcassets */,
			);
			path = WebserviceExample;
			sourceTree = "<group>";
		};
		84B34ACC23804890000AEE1B /* Appdelegate */ = {
			isa = PBXGroup;
			children = (
				84B34AD123804956000AEE1B /* AppDelegate.swift */,
				84B34AD223804956000AEE1B /* Info.plist */,
			);
			path = Appdelegate;
			sourceTree = "<group>";
		};
		84B34ACD2380489D000AEE1B /* ViewController */ = {
			isa = PBXGroup;
			children = (
				84B34AD523804977000AEE1B /* ViewController.swift */,
			);
			path = ViewController;
			sourceTree = "<group>";
		};
		84B34ACE238048A6000AEE1B /* Model */ = {
			isa = PBXGroup;
			children = (
				84B34AE9238051BD000AEE1B /* LoginModel.swift */,
			);
			path = Model;
			sourceTree = "<group>";
		};
		84B34ACF238048AB000AEE1B /* ViewModel */ = {
			isa = PBXGroup;
			children = (
				84405F42238172B300B360C6 /* LoginViewModel.swift */,
			);
			path = ViewModel;
			sourceTree = "<group>";
		};
		84B34AD0238048B4000AEE1B /* View */ = {
			isa = PBXGroup;
			children = (
				84B34AD723804981000AEE1B /* LaunchScreen.storyboard */,
				84B34AD823804981000AEE1B /* Main.storyboard */,
			);
			path = View;
			sourceTree = "<group>";
		};
		84B34ADB23804C80000AEE1B /* Webservice */ = {
			isa = PBXGroup;
			children = (
				84B34ADC23804CAB000AEE1B /* ApiConfiguration.swift */,
				84405F4B2381794F00B360C6 /* ApiList.swift */,
				84B34ADE23804CF4000AEE1B /* ApiManager.swift */,
			);
			path = Webservice;
			sourceTree = "<group>";
		};
		84B34AE023804D87000AEE1B /* HelperClass */ = {
			isa = PBXGroup;
			children = (
				84405F49238178B200B360C6 /* FileManageHelper.swift */,
				84B34AEB238051F0000AEE1B /* ModelKeys.swift */,
				84B34AE72380511C000AEE1B /* StorageService.swift */,
				84B34AE523804F2C000AEE1B /* Enums.swift */,
				84B34AE323804E6A000AEE1B /* Constant.swift */,
				84B34AE123804D91000AEE1B /* Messages.swift */,
			);
			path = HelperClass;
			sourceTree = "<group>";
		};
		8E8B4F382D3C3CA01D4FE226 /* Pods */ = {
			isa = PBXGroup;
			children = (
				AF9C84DA99B8D202A78BC377 /* Pods-WebserviceExample.debug.xcconfig */,
				18913B7BED59FD9C02AA4BB5 /* Pods-WebserviceExample.release.xcconfig */,
			);
			path = Pods;
			sourceTree = "<group>";
		};
		DEC272FEF0673B2F799908DB /* Frameworks */ = {
			isa = PBXGroup;
			children = (
				5F2712E83A0D487C8913C305 /* Pods_WebserviceExample.framework */,
			);
			name = Frameworks;
			sourceTree = "<group>";
		};
/* End PBXGroup section */

/* Begin PBXNativeTarget section */
		84B34AA023803FCA000AEE1B /* WebserviceExample */ = {
			isa = PBXNativeTarget;
			buildConfigurationList = 84B34AB523803FCD000AEE1B /* Build configuration list for PBXNativeTarget "WebserviceExample" */;
			buildPhases = (
				25CD4A82D1D1EA37104A973F /* [CP] Check Pods Manifest.lock */,
				84B34A9D23803FCA000AEE1B /* Sources */,
				84B34A9E23803FCA000AEE1B /* Frameworks */,
				84B34A9F23803FCA000AEE1B /* Resources */,
				47129F9BA7328448A11F8AD0 /* [CP] Embed Pods Frameworks */,
			);
			buildRules = (
			);
			dependencies = (
			);
			name = WebserviceExample;
			productName = WebserviceExample;
			productReference = 84B34AA123803FCA000AEE1B /* WebserviceExample.app */;
			productType = "com.apple.product-type.application";
		};
/* End PBXNativeTarget section */

/* Begin PBXProject section */
		84B34A9923803FCA000AEE1B /* Project object */ = {
			isa = PBXProject;
			attributes = {
				LastSwiftUpdateCheck = 1110;
				LastUpgradeCheck = 1110;
				ORGANIZATIONNAME = Piyush;
				TargetAttributes = {
					84B34AA023803FCA000AEE1B = {
						CreatedOnToolsVersion = 11.1;
						LastSwiftMigration = 1110;
					};
				};
			};
			buildConfigurationList = 84B34A9C23803FCA000AEE1B /* Build configuration list for PBXProject "WebserviceExample" */;
			compatibilityVersion = "Xcode 9.3";
			developmentRegion = en;
			hasScannedForEncodings = 0;
			knownRegions = (
				en,
				Base,
			);
			mainGroup = 84B34A9823803FCA000AEE1B;
			productRefGroup = 84B34AA223803FCA000AEE1B /* Products */;
			projectDirPath = "";
			projectRoot = "";
			targets = (
				84B34AA023803FCA000AEE1B /* WebserviceExample */,
			);
		};
/* End PBXProject section */

/* Begin PBXResourcesBuildPhase section */
		84B34A9F23803FCA000AEE1B /* Resources */ = {
			isa = PBXResourcesBuildPhase;
			buildActionMask = 2147483647;
			files = (
				84B34AD923804981000AEE1B /* LaunchScreen.storyboard in Resources */,
				84B34AAE23803FCD000AEE1B /* Assets.xcassets in Resources */,
				84B34ADA23804981000AEE1B /* Main.storyboard in Resources */,
			);
			runOnlyForDeploymentPostprocessing = 0;
		};
/* End PBXResourcesBuildPhase section */

/* Begin PBXShellScriptBuildPhase section */
		25CD4A82D1D1EA37104A973F /* [CP] Check Pods Manifest.lock */ = {
			isa = PBXShellScriptBuildPhase;
			buildActionMask = 2147483647;
			files = (
			);
			inputFileListPaths = (
			);
			inputPaths = (
				"${PODS_PODFILE_DIR_PATH}/Podfile.lock",
				"${PODS_ROOT}/Manifest.lock",
			);
			name = "[CP] Check Pods Manifest.lock";
			outputFileListPaths = (
			);
			outputPaths = (
				"$(DERIVED_FILE_DIR)/Pods-WebserviceExample-checkManifestLockResult.txt",
			);
			runOnlyForDeploymentPostprocessing = 0;
			shellPath = /bin/sh;
			shellScript = "diff \"${PODS_PODFILE_DIR_PATH}/Podfile.lock\" \"${PODS_ROOT}/Manifest.lock\" > /dev/null\nif [ $? != 0 ] ; then\n    # print error to STDERR\n    echo \"error: The sandbox is not in sync with the Podfile.lock. Run 'pod install' or update your CocoaPods installation.\" >&2\n    exit 1\nfi\n# This output is used by Xcode 'outputs' to avoid re-running this script phase.\necho \"SUCCESS\" > \"${SCRIPT_OUTPUT_FILE_0}\"\n";
			showEnvVarsInLog = 0;
		};
		47129F9BA7328448A11F8AD0 /* [CP] Embed Pods Frameworks */ = {
			isa = PBXShellScriptBuildPhase;
			buildActionMask = 2147483647;
			files = (
			);
			inputFileListPaths = (
				"${PODS_ROOT}/Target Support Files/Pods-WebserviceExample/Pods-WebserviceExample-frameworks-${CONFIGURATION}-input-files.xcfilelist",
			);
			name = "[CP] Embed Pods Frameworks";
			outputFileListPaths = (
				"${PODS_ROOT}/Target Support Files/Pods-WebserviceExample/Pods-WebserviceExample-frameworks-${CONFIGURATION}-output-files.xcfilelist",
			);
			runOnlyForDeploymentPostprocessing = 0;
			shellPath = /bin/sh;
			shellScript = "\"${PODS_ROOT}/Target Support Files/Pods-WebserviceExample/Pods-WebserviceExample-frameworks.sh\"\n";
			showEnvVarsInLog = 0;
		};
/* End PBXShellScriptBuildPhase section */

/* Begin PBXSourcesBuildPhase section */
		84B34A9D23803FCA000AEE1B /* Sources */ = {
			isa = PBXSourcesBuildPhase;
			buildActionMask = 2147483647;
			files = (
				84B34ADF23804CF4000AEE1B /* ApiManager.swift in Sources */,
				84B34AD623804977000AEE1B /* ViewController.swift in Sources */,
				84405F43238172B300B360C6 /* LoginViewModel.swift in Sources */,
				84405F462381776D00B360C6 /* Extension.swift in Sources */,
				84B34AE223804D91000AEE1B /* Messages.swift in Sources */,
				84B34AD323804956000AEE1B /* AppDelegate.swift in Sources */,
				84B34AEA238051BD000AEE1B /* LoginModel.swift in Sources */,
				84B34AE623804F2C000AEE1B /* Enums.swift in Sources */,
				84405F4A238178B200B360C6 /* FileManageHelper.swift in Sources */,
				84405F4C2381794F00B360C6 /* ApiList.swift in Sources */,
				84B34AE82380511C000AEE1B /* StorageService.swift in Sources */,
				84405F482381786000B360C6 /* UIImageExtension.swift in Sources */,
				84B34ADD23804CAB000AEE1B /* ApiConfiguration.swift in Sources */,
				84B34AE423804E6A000AEE1B /* Constant.swift in Sources */,
				84B34AEC238051F0000AEE1B /* ModelKeys.swift in Sources */,
			);
			runOnlyForDeploymentPostprocessing = 0;
		};
/* End PBXSourcesBuildPhase section */

/* Begin XCBuildConfiguration section */
		84B34AB323803FCD000AEE1B /* Debug */ = {
			isa = XCBuildConfiguration;
			buildSettings = {
				ALWAYS_SEARCH_USER_PATHS = NO;
				CLANG_ANALYZER_NONNULL = YES;
				CLANG_ANALYZER_NUMBER_OBJECT_CONVERSION = YES_AGGRESSIVE;
				CLANG_CXX_LANGUAGE_STANDARD = "gnu++14";
				CLANG_CXX_LIBRARY = "libc++";
				CLANG_ENABLE_MODULES = YES;
				CLANG_ENABLE_OBJC_ARC = YES;
				CLANG_ENABLE_OBJC_WEAK = YES;
				CLANG_WARN_BLOCK_CAPTURE_AUTORELEASING = YES;
				CLANG_WARN_BOOL_CONVERSION = YES;
				CLANG_WARN_COMMA = YES;
				CLANG_WARN_CONSTANT_CONVERSION = YES;
				CLANG_WARN_DEPRECATED_OBJC_IMPLEMENTATIONS = YES;
				CLANG_WARN_DIRECT_OBJC_ISA_USAGE = YES_ERROR;
				CLANG_WARN_DOCUMENTATION_COMMENTS = YES;
				CLANG_WARN_EMPTY_BODY = YES;
				CLANG_WARN_ENUM_CONVERSION = YES;
				CLANG_WARN_INFINITE_RECURSION = YES;
				CLANG_WARN_INT_CONVERSION = YES;
				CLANG_WARN_NON_LITERAL_NULL_CONVERSION = YES;
				CLANG_WARN_OBJC_IMPLICIT_RETAIN_SELF = YES;
				CLANG_WARN_OBJC_LITERAL_CONVERSION = YES;
				CLANG_WARN_OBJC_ROOT_CLASS = YES_ERROR;
				CLANG_WARN_RANGE_LOOP_ANALYSIS = YES;
				CLANG_WARN_STRICT_PROTOTYPES = YES;
				CLANG_WARN_SUSPICIOUS_MOVE = YES;
				CLANG_WARN_UNGUARDED_AVAILABILITY = YES_AGGRESSIVE;
				CLANG_WARN_UNREACHABLE_CODE = YES;
				CLANG_WARN__DUPLICATE_METHOD_MATCH = YES;
				COPY_PHASE_STRIP = NO;
				DEBUG_INFORMATION_FORMAT = dwarf;
				ENABLE_STRICT_OBJC_MSGSEND = YES;
				ENABLE_TESTABILITY = YES;
				GCC_C_LANGUAGE_STANDARD = gnu11;
				GCC_DYNAMIC_NO_PIC = NO;
				GCC_NO_COMMON_BLOCKS = YES;
				GCC_OPTIMIZATION_LEVEL = 0;
				GCC_PREPROCESSOR_DEFINITIONS = (
					"DEBUG=1",
					"$(inherited)",
				);
				GCC_WARN_64_TO_32_BIT_CONVERSION = YES;
				GCC_WARN_ABOUT_RETURN_TYPE = YES_ERROR;
				GCC_WARN_UNDECLARED_SELECTOR = YES;
				GCC_WARN_UNINITIALIZED_AUTOS = YES_AGGRESSIVE;
				GCC_WARN_UNUSED_FUNCTION = YES;
				GCC_WARN_UNUSED_VARIABLE = YES;
				IPHONEOS_DEPLOYMENT_TARGET = 13.1;
				MTL_ENABLE_DEBUG_INFO = INCLUDE_SOURCE;
				MTL_FAST_MATH = YES;
				ONLY_ACTIVE_ARCH = YES;
				SDKROOT = iphoneos;
				SWIFT_ACTIVE_COMPILATION_CONDITIONS = DEBUG;
				SWIFT_OPTIMIZATION_LEVEL = "-Onone";
			};
			name = Debug;
		};
		84B34AB423803FCD000AEE1B /* Release */ = {
			isa = XCBuildConfiguration;
			buildSettings = {
				ALWAYS_SEARCH_USER_PATHS = NO;
				CLANG_ANALYZER_NONNULL = YES;
				CLANG_ANALYZER_NUMBER_OBJECT_CONVERSION = YES_AGGRESSIVE;
				CLANG_CXX_LANGUAGE_STANDARD = "gnu++14";
				CLANG_CXX_LIBRARY = "libc++";
				CLANG_ENABLE_MODULES = YES;
				CLANG_ENABLE_OBJC_ARC = YES;
				CLANG_ENABLE_OBJC_WEAK = YES;
				CLANG_WARN_BLOCK_CAPTURE_AUTORELEASING = YES;
				CLANG_WARN_BOOL_CONVERSION = YES;
				CLANG_WARN_COMMA = YES;
				CLANG_WARN_CONSTANT_CONVERSION = YES;
				CLANG_WARN_DEPRECATED_OBJC_IMPLEMENTATIONS = YES;
				CLANG_WARN_DIRECT_OBJC_ISA_USAGE = YES_ERROR;
				CLANG_WARN_DOCUMENTATION_COMMENTS = YES;
				CLANG_WARN_EMPTY_BODY = YES;
				CLANG_WARN_ENUM_CONVERSION = YES;
				CLANG_WARN_INFINITE_RECURSION = YES;
				CLANG_WARN_INT_CONVERSION = YES;
				CLANG_WARN_NON_LITERAL_NULL_CONVERSION = YES;
				CLANG_WARN_OBJC_IMPLICIT_RETAIN_SELF = YES;
				CLANG_WARN_OBJC_LITERAL_CONVERSION = YES;
				CLANG_WARN_OBJC_ROOT_CLASS = YES_ERROR;
				CLANG_WARN_RANGE_LOOP_ANALYSIS = YES;
				CLANG_WARN_STRICT_PROTOTYPES = YES;
				CLANG_WARN_SUSPICIOUS_MOVE = YES;
				CLANG_WARN_UNGUARDED_AVAILABILITY = YES_AGGRESSIVE;
				CLANG_WARN_UNREACHABLE_CODE = YES;
				CLANG_WARN__DUPLICATE_METHOD_MATCH = YES;
				COPY_PHASE_STRIP = NO;
				DEBUG_INFORMATION_FORMAT = "dwarf-with-dsym";
				ENABLE_NS_ASSERTIONS = NO;
				ENABLE_STRICT_OBJC_MSGSEND = YES;
				GCC_C_LANGUAGE_STANDARD = gnu11;
				GCC_NO_COMMON_BLOCKS = YES;
				GCC_WARN_64_TO_32_BIT_CONVERSION = YES;
				GCC_WARN_ABOUT_RETURN_TYPE = YES_ERROR;
				GCC_WARN_UNDECLARED_SELECTOR = YES;
				GCC_WARN_UNINITIALIZED_AUTOS = YES_AGGRESSIVE;
				GCC_WARN_UNUSED_FUNCTION = YES;
				GCC_WARN_UNUSED_VARIABLE = YES;
				IPHONEOS_DEPLOYMENT_TARGET = 13.1;
				MTL_ENABLE_DEBUG_INFO = NO;
				MTL_FAST_MATH = YES;
				SDKROOT = iphoneos;
				SWIFT_COMPILATION_MODE = wholemodule;
				SWIFT_OPTIMIZATION_LEVEL = "-O";
				VALIDATE_PRODUCT = YES;
			};
			name = Release;
		};
		84B34AB623803FCD000AEE1B /* Debug */ = {
			isa = XCBuildConfiguration;
			baseConfigurationReference = AF9C84DA99B8D202A78BC377 /* Pods-WebserviceExample.debug.xcconfig */;
			buildSettings = {
				ASSETCATALOG_COMPILER_APPICON_NAME = AppIcon;
				CLANG_ENABLE_MODULES = YES;
				CODE_SIGN_STYLE = Automatic;
				INFOPLIST_FILE = "$(SRCROOT)/WebserviceExample/Appdelegate/Info.plist";
				LD_RUNPATH_SEARCH_PATHS = (
					"$(inherited)",
					"@executable_path/Frameworks",
				);
				PRODUCT_BUNDLE_IDENTIFIER = com.Admin.WebserviceExample;
				PRODUCT_NAME = "$(TARGET_NAME)";
				SWIFT_OPTIMIZATION_LEVEL = "-Onone";
				SWIFT_VERSION = 5.0;
				TARGETED_DEVICE_FAMILY = "1,2";
			};
			name = Debug;
		};
		84B34AB723803FCD000AEE1B /* Release */ = {
			isa = XCBuildConfiguration;
			baseConfigurationReference = 18913B7BED59FD9C02AA4BB5 /* Pods-WebserviceExample.release.xcconfig */;
			buildSettings = {
				ASSETCATALOG_COMPILER_APPICON_NAME = AppIcon;
				CLANG_ENABLE_MODULES = YES;
				CODE_SIGN_STYLE = Automatic;
				INFOPLIST_FILE = "$(SRCROOT)/WebserviceExample/Appdelegate/Info.plist";
				LD_RUNPATH_SEARCH_PATHS = (
					"$(inherited)",
					"@executable_path/Frameworks",
				);
				PRODUCT_BUNDLE_IDENTIFIER = com.Admin.WebserviceExample;
				PRODUCT_NAME = "$(TARGET_NAME)";
				SWIFT_VERSION = 5.0;
				TARGETED_DEVICE_FAMILY = "1,2";
			};
			name = Release;
		};
/* End XCBuildConfiguration section */

/* Begin XCConfigurationList section */
		84B34A9C23803FCA000AEE1B /* Build configuration list for PBXProject "WebserviceExample" */ = {
			isa = XCConfigurationList;
			buildConfigurations = (
				84B34AB323803FCD000AEE1B /* Debug */,
				84B34AB423803FCD000AEE1B /* Release */,
			);
			defaultConfigurationIsVisible = 0;
			defaultConfigurationName = Release;
		};
		84B34AB523803FCD000AEE1B /* Build configuration list for PBXNativeTarget "WebserviceExample" */ = {
			isa = XCConfigurationList;
			buildConfigurations = (
				84B34AB623803FCD000AEE1B /* Debug */,
				84B34AB723803FCD000AEE1B /* Release */,
			);
			defaultConfigurationIsVisible = 0;
			defaultConfigurationName = Release;
		};
/* End XCConfigurationList section */
	};
	rootObject = 84B34A9923803FCA000AEE1B /* Project object */;
}
